lockfileVersion: '6.0'

settings:
  autoInstallPeers: true
  excludeLinksFromLockfile: false

dependencies:
  '@hookform/resolvers':
    specifier: ^3.9.0
    version: 3.9.0
  '@radix-ui/react-avatar':
    specifier: 1.1.0
    version: 1.1.0
  '@radix-ui/react-checkbox':
    specifier: 1.1.1
    version: 1.1.1
  '@radix-ui/react-dropdown-menu':
    specifier: 2.1.1
    version: 2.1.1
  '@radix-ui/react-icons':
    specifier: 1.3.0
    version: 1.3.0
  '@radix-ui/react-label':
    specifier: 2.1.0
    version: 2.1.0
  '@radix-ui/react-popover':
    specifier: 1.1.1
    version: 1.1.1
  '@radix-ui/react-progress':
    specifier: 1.1.0
    version: 1.1.0
  '@radix-ui/react-radio-group':
    specifier: 1.2.0
    version: 1.2.0
  '@radix-ui/react-scroll-area':
    specifier: 1.2.0
    version: 1.2.0
  '@radix-ui/react-select':
    specifier: 2.1.1
    version: 2.1.1
  '@radix-ui/react-separator':
    specifier: 1.1.0
    version: 1.1.0
  '@radix-ui/react-slider':
    specifier: 1.2.0
    version: 1.2.0
  '@radix-ui/react-slot':
    specifier: 1.1.0
    version: 1.1.0
  '@radix-ui/react-switch':
    specifier: 1.1.0
    version: 1.1.0
  '@radix-ui/react-tabs':
    specifier: 1.1.0
    version: 1.1.0
  '@radix-ui/react-toast':
    specifier: 1.2.1
    version: 1.2.1
  '@radix-ui/react-tooltip':
    specifier: 1.1.2
    version: 1.1.2
  'class-variance-authority':
    specifier: ^0.7.0
    version: 0.7.0
  clsx:
    specifier: ^2.1.1
    version: 2.1.1
  cmdk:
    specifier: ^1.0.0
    version: 1.0.0
  'date-fns':
    specifier: 2.30.0
    version: 2.30.0
  dotenv:
    specifier: ^16.4.5
    version: 16.4.5
  'embla-carousel-autoplay':
    specifier: ^8.2.0
    version: 8.2.0
  'embla-carousel-react':
    specifier: ^8.2.0
    version: 8.2.0
  firebase:
    specifier: ^10.12.3
    version: 10.12.3
  'framer-motion':
    specifier: 11.0.8
    version: 11.0.8
  'lucide-react':
    specifier: ^0.417.0
    version: 0.417.0
  next:
    specifier: 14.2.35
    version: 14.2.35(react@18.3.1)
  'qrcode.react':
    specifier: ^3.1.0
    version: 3.1.0
  react:
    specifier: ^18.3.1
    version: 18.3.1
  'react-confetti':
    specifier: ^6.1.0
    version: 6.1.0
  'react-credit-cards-2':
    specifier: ^1.0.2
    version: 1.0.2
  'react-dom':
    specifier: ^18.3.1
    version: 18.3.1(react@18.3.1)
  'react-hook-form':
    specifier: 7.52.1
    version: 7.52.1
  recharts:
    specifier: ^2.12.7
    version: 2.12.7
  'tailwind-merge':
    specifier: ^2.4.0
    version: 2.4.0
  'tailwindcss-animate':
    specifier: ^1.0.7
    version: 1.0.7
  wav:
    specifier: ^1.0.2
    version: 1.0.2
  zod:
    specifier: ^3.23.8
    version: 3.23.8

devDependencies:
  '@types/node':
    specifier: ^20.14.12
    version: 20.14.12
  '@types/react':
    specifier: ^18.3.3
    version: 18.3.3
  '@types/react-dom':
    specifier: ^18.3.0
    version: 18.3.0
  eslint:
    specifier: ^8.57.0
    version: 8.57.0
  'eslint-config-next':
    specifier: 14.2.5
    version: 14.2.5
  postcss:
    specifier: ^8
    version: 8.4.39
  tailwindcss:
    specifier: ^3.4.1
    version: 3.4.1
  typescript:
    specifier: ^5
    version: 5.5.4
