lockfileVersion: '6.0'

settings:
  autoInstallPeers: true
  excludeLinksFromLockfile: false

dependencies:
  '@hookform/resolvers':
    specifier: ^3.9.0
    version: 3.9.0
  '@radix-ui/react-avatar':
    specifier: 1.1.0
    version: 1.1.0
  '@radix-ui/react-checkbox':
    specifier: 1.1.1
    version: 1.1.1
  '@radix-ui/react-dropdown-menu':
    specifier: 2.1.1
    version: 2.1.1
  '@radix-ui/react-icons':
    specifier: 1.3.0
    version: 1.3.0
  '@radix-ui/react-label':
    specifier: 2.1.0
    version: 2.1.0
  '@radix-ui/react-popover':
    specifier: 1.1.1
    version: 1.1.1
  '@radix-ui/react-progress':
    specifier: 1.1.0
    version: 1.1.0
  '@radix-ui/react-radio-group':
    specifier: 1.2.0
    version: 1.2.0
  '@radix-ui/react-scroll-area':
    specifier: 1.2.0
    version: 1.2.0
  '@radix-ui/react-select':
    specifier: 2.1.1
    version: 2.1.1
  '@radix-ui/react-separator':
    specifier: 1.1.0
    version: 1.1.0
  '@radix-ui/react-slider':
    specifier: 1.2.0
    version: 1.2.0
  '@radix-ui/react-slot':
    specifier: 1.1.0
    version: 1.1.0
  '@radix-ui/react-switch':
    specifier: 1.1.0
    version: 1.1.0
  '@radix-ui/react-tabs':
    specifier: 1.1.0
    version: 1.1.0
  '@radix-ui/react-toast':
    specifier: 1.2.1
    version: 1.2.1
  '@radix-ui/react-tooltip':
    specifier: 1.1.2
    version: 1.1.2
  'class-variance-authority':
    specifier: ^0.7.0
    version: 0.7.0
  clsx:
    specifier: ^2.1.1
    version: 2.1.1
  cmdk:
    specifier: ^1.0.0
    version: 1.0.0
  'date-fns':
    specifier: 2.30.0
    version: 2.30.0
  dotenv:
    specifier: ^16.4.5
    version: 16.4.5
  'embla-carousel-autoplay':
    specifier: ^8.2.0
    version: 8.2.0
  'embla-carousel-react':
    specifier: ^8.2.0
    version: 8.2.0
  firebase:
    specifier: ^10.12.3
    version: 10.12.3
  'framer-motion':
    specifier: 11.0.8
    version: 11.0.8
  'lucide-react':
    specifier: ^0.417.0
    version: 0.417.0
  next:
    specifier: 14.2.35
    version: 14.2.35(react@18.3.1)
  'qrcode.react':
    specifier: ^3.1.0
    version: 3.1.0
  react:
    specifier: ^18.3.1
    version: 18.3.1
  'react-confetti':
    specifier: ^6.1.0
    version: 6.1.0
  'react-credit-cards-2':
    specifier: ^1.0.2
    version: 1.0.2
  'react-dom':
    specifier: ^18.3.1
    version: 18.3.1(react@18.3.1)
  'react-hook-form':
    specifier: 7.52.1
    version: 7.52.1
  recharts:
    specifier: ^2.12.7
    version: 2.12.7
  'tailwind-merge':
    specifier: ^2.4.0
    version: 2.4.0
  'tailwindcss-animate':
    specifier: ^1.0.7
    version: 1.0.7
  wav:
    specifier: ^1.0.2
    version: 1.0.2
  zod:
    specifier: ^3.23.8
    version: 3.23.8

devDependencies:
  '@types/node':
    specifier: ^20.14.12
    version: 20.14.12
  '@types/react':
    specifier: ^18.3.3
    version: 18.3.3
  '@types/react-dom':
    specifier: ^18.3.0
    version: 18.3.0
  eslint:
    specifier: ^8.57.0
    version: 8.57.0
  'eslint-config-next':
    specifier: 14.2.5
    version: 14.2.5
  postcss:
    specifier: ^8
    version: 8.4.39
  tailwindcss:
    specifier: ^3.4.1
    version: 3.4.1
  typescript:
    specifier: ^5
    version: 5.5.4

packages:

  /@babel/runtime@7.24.8:
    resolution: {integrity: sha512-s4G2uUvLS9zqGslYmQ1y7Pz642UvFw8k6g6h2uW5eL5e4eS14wU2QvTnq7d2yJd5iKGDY+L0s2n3A==}
    dev: false

  /@emotion/is-prop-valid@1.2.2:
    resolution: {integrity: sha512-cEHndA0BSdYpX788i+j8eMcbSslcAa7d1y5g7QkBvS45rI6pgHnS0vTmmLsTA2b3tt4G1ZgqxvIAuMPEyb9L8A==}
    dependencies:
      '@emotion/memoize': 1.1.1
    dev: false

  /@emotion/memoize@1.1.1:
    resolution: {integrity: sha512-326V1eC5N2S0m6R4WbwdSTb5K4jA2aBZHr59S29NRy8B3/ecQe1fFC2g3wG8yJUO6xVb1/Mvko42wXxQoBvNRQ==}
    dev: false

  /@hookform/resolvers@3.9.0:
    resolution: {integrity: sha512-v9B6wN5Zz0l45qN8KjWBv3zB3Vv3v/PzSSu7Jq7Y/zJc0h+W2yJAbC31uY5iCjN5u0T648/T8A4Bvg==}
    peerDependencies:
      react-hook-form: ^7.51.0
    dev: false

  /@jridgewell/sourcemap-codec@1.4.15:
    resolution: {integrity: sha512-eF2rxCRulEKXHTRiDrDy6erMYWqNw4LPdQ8UQA4rFGV2oM6cK66NkIchAjb15BljWFh16s0d1db5H1v2OIfDRg==}
    dev: false

  /@next/env@14.2.35:
    resolution: {integrity: sha512-f+z8jXU7Gz/qIq7C4H+8rB25qYl1j0m92J6Uq/Jt5+sUq8P3S/h1r2fXWw9d/Dqb9S0oRblVpW6Mw==}
    dev: false

  /@next/react-dev-overlay@14.2.35:
    resolution: {integrity: sha512-F4oPnjJ1s+D79iY25tQv/fUv+KjWd+U6kC28qQxL/lqC+A/V6c7k3C6g4j5k7r+e5c3e+k8j/h4d/Q==}
    dependencies:
      '@babel/runtime': 7.24.8
      '@emotion/is-prop-valid': 1.2.2
      '@jridgewell/sourcemap-codec': 1.4.15
      launch-editor-middleware: 2.6.2
      next: 14.2.35(react@18.3.1)
      react-error-boundary: 3.1.4
      styled-jsx: 5.1.6(react@18.3.1)
    transitivePeerDependencies:
      - react
    dev: false

  /@radix-ui/react-avatar@1.1.0:
    resolution: {integrity: sha512-s4u06Fw+W7p24y80X3e22p7cE3oI7S3CgT2zF2vL1jP9t4o0z0L4G/u0yq6jN0F1i0F/t+l+y3l+w==}
    peerDependencies:
      react: ^16.8 || ^17.0 || ^18.0 || ^19.0
    dev: false

  /@radix-ui/react-checkbox@1.1.1:
    resolution: {integrity: sha512-z/g5L80Y+6+9MmL46uM+2zYg/b5kR1w28g1H+D5kH9/Qe+vX0G3o9d/W40i0F5z6t7r8g9b+q4f/A==}
    dependencies:
      '@radix-ui/react-primitive': 1.1.0(react@18.3.1)
    peerDependencies:
      react: ^16.8 || ^17.0 || ^18.0 || ^19.0
    dev: false

  /@radix-ui/react-compose-refs@1.1.0:
    resolution: {integrity: sha512-o/Qk4i1J025c8E/3zP92qHn6v1+r9u5pD6M2V/L1H5c8c5+UfF3bLg/17h/LpPjHn7sA+wB29uWdQ==}
    dev: false

  /@radix-ui/react-context@1.1.0:
    resolution: {integrity: sha512-RzD3Xf2n8gW/3S0f0b7r3I9bCqG+2e9Z/bKk6Pz9yFkQk/9XJ8u9T5oYxZJ4E2/25Tcyh5f/nL8Q==}
    peerDependencies:
      react: ^16.8 || ^17.0 || ^18.0 || ^19.0
    dev: false

  /@radix-ui/react-direction@1.1.0:
    resolution: {integrity: sha512-WzP16m/E5Y6T/m2Hj/3iM1b3jFqYxJyhLhF4SgKj60uQ5qKkYxZp6Tpx0jP/c8wA82+jUo+44s87A==}
    dependencies:
      '@radix-ui/react-primitive': 1.1.0(react@18.3.1)
    peerDependencies:
      react: ^16.8 || ^17.0 || ^18.0 || ^19.0
    dev: false

  /@radix-ui/react-dismissable-layer@1.1.0:
    resolution: {integrity: sha512-VnS7L1lB2+qE/uQoYQftL+KkU2g/Lq2e0b12Hw3UG4x1zP53r6qR0p2fVvWn6V/JjChv+gT/3i7/dw==}
    dependencies:
      '@radix-ui/react-compose-refs': 1.1.0
      '@radix-ui/react-primitive': 1.1.0(react@18.3.1)
    peerDependencies:
      react: ^16.8 || ^17.0 || ^18.0 || ^19.0
    dev: false

  /@radix-ui/react-dropdown-menu@2.1.1:
    resolution: {integrity: sha512-c21+f/kR45C3Kq0t1D+/IEnbLgWlPqJ8IryJgCg4Qx9iX0TfU+jM0v0c1nB/n+jT7fX/3t7X6b4x+g==}
    dependencies:
      '@radix-ui/react-context': 1.1.0
      '@radix-ui/react-dismissable-layer': 1.1.0
      '@radix-ui/react-focus-scope': 1.1.0
      '@radix-ui/react-popper': 1.2.0
      '@radix-ui/react-portal': 1.1.0
      '@radix-ui/react-primitive': 1.1.0(react@18.3.1)
      '@radix-ui/react-roving-focus': 1.1.0
      '@radix-ui/react-slot': 1.1.0
    peerDependencies:
      '@radix-ui/react-focus-guards': ^1.0.1
      react: ^16.8 || ^17.0 || ^18.0 || ^19.0
    dev: false

  /@radix-ui/react-focus-guards@1.0.1:
    resolution: {integrity: sha512-h/FmUf3f9/T1M0A+jBGy/W0u+bAof2vVf5wVlOab4v6N7T8hSJfTjYszd3G+tF7F0e/Bv0qA+p5M3nK+w==}
    peerDependencies:
      react: ^16.8 || ^17.0 || ^18.0 || ^19.0
    dev: false

  /@radix-ui/react-focus-scope@1.1.0:
    resolution: {integrity: sha512-5qU5jVlK4yJc8v7vLgqUvjT1L33w/q9y+yT04y03p7x+90A5/sE2p8b24T+4VvT4pP/E4w9wJ3g6Q==}
    dependencies:
      '@radix-ui/react-compose-refs': 1.1.0
      '@radix-ui/react-primitive': 1.1.0(react@18.3.1)
    peerDependencies:
      react: ^16.8 || ^17.0 || ^18.0 || ^19.0
    dev: false

  /@radix-ui/react-icons@1.3.0:
    resolution: {integrity: sha512-x1G+9r3SkgRd2h3sLBb2lJ2w8o2sDLOL00sTsnj6FmD5jS7tQJ8PVQvSty4a9Iu3B5L51r4x9G2l1u2vW/Aw==}
    dev: false

  /@radix-ui/react-label@2.1.0:
    resolution: {integrity: sha512-/KjU5+Zc+S4tSg3H4x79k4o894pKAeQzP9A/CgG1mUApD2v8G6l+lYg/p2T7SjT1pB+B8xW/O7Z+3g==}
    dependencies:
      '@radix-ui/react-primitive': 1.1.0(react@18.3.1)
    peerDependencies:
      react: ^16.8 || ^17.0 || ^18.0 || ^19.0
    dev: false

  /@radix-ui/react-popper@1.2.0:
    resolution: {integrity: sha512-52uQ09+728L1/qM8Q7sB3jYVl1QWd262H6Vz8qC6PCEW/lGjI/C+w3p5vR7jI1A3WJ/x+q1Q8R9rw==}
    dependencies:
      '@radix-ui/react-primitive': 1.1.0(react@18.3.1)
    peerDependencies:
      react: ^16.8 || ^17.0 || ^18.0 || ^19.0
    dev: false

  /@radix-ui/react-portal@1.1.0:
    resolution: {integrity: sha512-32R/y2j0y/C58S+sJp+oTMLQxADi0gM4c264V4H7J8p3Wk/0z2c/G/V41dC0rWw53z+9nJ/A/Q/3g==}
    dependencies:
      '@radix-ui/react-primitive': 1.1.0(react@18.3.1)
    peerDependencies:
      react: ^16.8 || ^17.0 || ^18.0 || ^19.0
    dev: false

  /@radix-ui/react-popover@1.1.1:
    resolution: {integrity: sha512-V12BwJq0mQfFk2v/4o2P4+YV6bE5UfGvT6285xN8u1b/f8t4r4Yh+y2XU516h4uR36b3C4o2yH1g==}
    dependencies:
      '@radix-ui/react-compose-refs': 1.1.0
      '@radix-ui/react-context': 1.1.0
      '@radix-ui/react-dismissable-layer': 1.1.0
      '@radix-ui/react-popper': 1.2.0
      '@radix-ui/react-portal': 1.1.0
      '@radix-ui/react-primitive': 1.1.0(react@18.3.1)
      '@radix-ui/react-slot': 1.1.0
    peerDependencies:
      react: ^16.8 || ^17.0 || ^18.0 || ^19.0
    dev: false

  /@radix-ui/react-primitive@1.1.0(react@18.3.1):
    resolution: {integrity: sha512-i27g4Qn/qI5d2kH2I+1S+3gLz7f59+Wf2RMAi+84dM+Y8I/D8+qDA2uI283WdF+W37s1s2p+z/8ag==}
    dependencies:
      '@radix-ui/react-slot': 1.1.0
      react: 18.3.1
    dev: false

  /@radix-ui/react-progress@1.1.0:
    resolution: {integrity: sha512-5j5/y7z9iA7x/TqL3pPzX1wJmFv+xK7HwK/wH/L3s3s0g4f6yP6e4h4/p2/f1xP9h/r0y/b9/e6w==}
    dependencies:
      '@radix-ui/react-primitive': 1.1.0(react@18.3.1)
    peerDependencies:
      react: ^16.8 || ^17.0 || ^18.0 || ^19.0
    dev: false

  /@radix-ui/react-radio-group@1.2.0:
    resolution: {integrity: sha512-gS2z8lF5D9Y5m2f7sD2r0L1G7PjU1dY+61NfT2oI9X08u6c9+H8iA/fT4FfM8vT9J6s/u7t7b7lQ==}
    dependencies:
      '@radix-ui/react-compose-refs': 1.1.0
      '@radix-ui/react-context': 1.1.0
      '@radix-ui/react-primitive': 1.1.0(react@18.3.1)
      '@radix-ui/react-roving-focus': 1.1.0
    peerDependencies:
      react: ^16.8 || ^17.0 || ^18.0 || ^19.0
    dev: false

  /@radix-ui/react-roving-focus@1.1.0:
    resolution: {integrity: sha512-5yM81FkP3h4Qp8C9Dk81p7W81jD4xR5e5Qp3y+d3zQe4VrfFUGnI5N+dJ+QcO4XGjC/aBv62Y+vlw==}
    dependencies:
      '@radix-ui/react-compose-refs': 1.1.0
      '@radix-ui/react-primitive': 1.1.0(react@18.3.1)
    peerDependencies:
      react: ^16.8 || ^17.0 || ^18.0 || ^19.0
    dev: false

  /@radix-ui/react-scroll-area@1.2.0:
    resolution: {integrity: sha512-j61/QeX2dJvY79bL1+c+W/06H9/XqF9k1gX1m82eK2gM10J0s/qR0013h2J8n5rA9yC1i9+4x3+Yg==}
    dependencies:
      '@radix-ui/react-primitive': 1.1.0(react@18.3.1)
    peerDependencies:
      react: ^16.8 || ^17.0 || ^18.0 || ^19.0
    dev: false

  /@radix-ui/react-select@2.1.1:
    resolution: {integrity: sha512-b2C+93W1MhX85Jp01u5L5l8g1zJ2c+l1z8/y8q6v8/p/y/s4x4q6w4g7s5p5c3c2b8c3v4j+d3h+w==}
    dependencies:
      '@radix-ui/react-compose-refs': 1.1.0
      '@radix-ui/react-context': 1.1.0
      '@radix-ui/react-dismissable-layer': 1.1.0
      '@radix-ui/react-focus-scope': 1.1.0
      '@radix-ui/react-popper': 1.2.0
      '@radix-ui/react-portal': 1.1.0
      '@radix-ui/react-primitive': 1.1.0(react@18.3.1)
      '@radix-ui/react-roving-focus': 1.1.0
      '@radix-ui/react-slot': 1.1.0
    peerDependencies:
      '@radix-ui/react-focus-guards': ^1.0.1
      react: ^16.8 || ^17.0 || ^18.0 || ^19.0
    dev: false

  /@radix-ui/react-separator@1.1.0:
    resolution: {integrity: sha512-L/Jd+i/9F3X3/2n+V3tF/Y1e9lU2mX6T0lU8I+q/c38I/Jt/bYQ42vT0uTcyR+eH1CqVlM7k/gRzw==}
    dependencies:
      '@radix-ui/react-primitive': 1.1.0(react@18.3.1)
    peerDependencies:
      react: ^16.8 || ^17.0 || ^18.0 || ^19.0
    dev: false

  /@radix-ui/react-slider@1.2.0:
    resolution: {integrity: sha512-972c+F8oFz7k+t6E/q/k6p/u5/c/b/f/n/k4/q/e8z6v/y/e+h+k/o/j+w/q9v/s/b/k+o/j+w==}
    dependencies:
      '@radix-ui/react-compose-refs': 1.1.0
      '@radix-ui/react-direction': 1.1.0
      '@radix-ui/react-primitive': 1.1.0(react@18.3.1)
    peerDependencies:
      react: ^16.8 || ^17.0 || ^18.0 || ^19.0
    dev: false

  /@radix-ui/react-slot@1.1.0:
    resolution: {integrity: sha512-89zB/1r3VLJ0wT8g5g+r69lT8lqLg8Y/LgT7rD3dM8/QhS2ssoqW0r3GGLHfpPWBV2eD2A2A7d1tWQ==}
    dependencies:
      '@radix-ui/react-compose-refs': 1.1.0
    peerDependencies:
      react: ^16.8 || ^17.0 || ^18.0 || ^19.0
    dev: false

  /@radix-ui/react-switch@1.1.0:
    resolution: {integrity: sha512-L0gD6tG1D/w/g/j+h+q/g+w/g+b/q+g+k/g+w/g+k/g+w/g+k/g+w/g+k/g+w/g+k/g+w/g+k/g==}
    dependencies:
      '@radix-ui/react-primitive': 1.1.0(react@18.3.1)
    peerDependencies:
      react: ^16.8 || ^17.0 || ^18.0 || ^19.0
    dev: false

  /@radix-ui/react-tabs@1.1.0:
    resolution: {integrity: sha512-/A+i/v/x/c/k/j+o/z/c/j+w/q/z/j+k/c/j+o/z/c/j+w/q/z/j+k/c/j+o/z/c/j+w/q/z/j+k==}
    dependencies:
      '@radix-ui/react-primitive': 1.1.0(react@18.3.1)
      '@radix-ui/react-roving-focus': 1.1.0
    peerDependencies:
      react: ^16.8 || ^17.0 || ^18.0 || ^19.0
    dev: false

  /@radix-ui/react-toast@1.2.1:
    resolution: {integrity: sha512-b2/d+h/q+w/q/c/j+k/o/z/c/j+o/z/c/j+w/q/z/j+k/c/j+o/z/c/j+w/q/z/j+k/c/j+o/z/c==}
    dependencies:
      '@radix-ui/react-context': 1.1.0
      '@radix-ui/react-dismissable-layer': 1.1.0
      '@radix-ui/react-primitive': 1.1.0(react@18.3.1)
    peerDependencies:
      react: ^16.8 || ^17.0 || ^18.0 || ^19.0
    dev: false

  /@radix-ui/react-tooltip@1.1.2:
    resolution: {integrity: sha512-h/g/c/j+k/q/v/x/c/j+o/z/c/j+w/q/z/j+k/c/j+o/z/c/j+w/q/z/j+k/c/j+o/z/c/j+w/q/z==}
    dependencies:
      '@radix-ui/react-compose-refs': 1.1.0
      '@radix-ui/react-context': 1.1.0
      '@radix-ui/react-dismissable-layer': 1.1.0
      '@radix-ui/react-popper': 1.2.0
      '@radix-ui/react-portal': 1.1.0
      '@radix-ui/react-primitive': 1.1.0(react@18.3.1)
      '@radix-ui/react-slot': 1.1.0
    peerDependencies:
      react: ^16.8 || ^17.0 || ^18.0 || ^19.0
    dev: false

  /@swc/helpers@0.5.11:
    resolution: {integrity: sha512-iJpGjL693aGvL2XFKw2+1Cco0k4vEIkqH05LwY+lI2b8/Mh1RTP2oYx+wTMFbSgQ0uA7lUJW1vWxg7/sTw==}
    dev: false

  /@types/node@20.14.12:
    resolution: {integrity: sha512-AZ5I2r2oSAU3W3wn0623Hxr/2grfsCwvVlJ5TGPQG6nJ2Xk+d9Dq1G+LdG5rQ3hTnoUDsOu0n4HkX+v7p0ZuIA==}
    dependencies:
      undici-types: 5.26.5
    dev: true

  /@types/prop-types@15.7.12:
    resolution: {integrity: sha512-5zvhFVs6B2xB2bFA+BIAYqS1v8s0BYRGkiCRsP3Blj9eG5wzvyS93qj4rsx1Cxv9kLzK9r34P1Y3dG36+6gBwQ==}
    dev: true

  /@types/react-dom@18.3.0:
    resolution: {integrity: sha512-0VpCI0n5V37QDOv3wgZVQ6EBIrWl4y1v0Jph+3bcr3yvXwV5OaH1Ixl3N0Kz7sS3kbrbcoi30T4S61FqM2tCqQ==}
    dependencies:
      '@types/react': 18.3.3
    dev: true

  /@types/react@18.3.3:
    resolution: {integrity: sha512-FAMs3BxF3PAQ/y3ZZUmT5qZOA29i29G45q4jP+3G2iZUre3Nb3330iA2CS6RgY52E/c+2vV3qs1K3p3M2nk2gQ==}
    dependencies:
      '@types/prop-types': 15.7.12
      csstype: 3.1.3
    dev: true

  /browserslist@4.23.2:
    resolution: {integrity: sha512-s4u+lPSH6Vp/pQ/3QyF+rW6aPcHZ9hJvB6oE0Ea+9P6nVeJdI9Yh3/L/g7Kk8T6K2v8I9R3fTbowJ4tg==}
    engines: {node: ^6.0.0 || ^7.0.0 || ^8.0.0 || ^9.0.0 || ^10.0.0 || ^11.0.0 || ^12.0.0 || >=13.7.0}
    dependencies:
      caniuse-lite: 1.0.30001640
      electron-to-chromium: 1.4.801
      node-releases: 2.0.14
    dev: true

  /caniuse-lite@1.0.30001640:
    resolution: {integrity: sha512-9rK2Wle1J+8VlAHLcZJ5i3mUv0dFeQ3/3bKbsk/FOAb+1k+dEXYJHi0aA3r2yN8SBMjTjYwprY6LzY6KzOLe9Q==}
    dev: true

  /class-variance-authority@0.7.0:
    resolution: {integrity: sha512-mwfL6s9/VS7u2sjwzD8fL/d9wT39V6y54wz0CceVxl2yR2g7jWdaxClg3iT2T3tSgpLwu5d2I2Tq9XUerhmjgA==}
    dependencies:
      clsx: 2.1.1
    dev: false

  /clsx@2.1.1:
    resolution: {integrity: sha512-eYm0QCFbJ7n9089b2w93b2I2H5v0A8gK3kGgM9fCES9mH1K2E6uIF4l2vDk3kC3H58k/cx1z7o+aYgA==}
    engines: {node: '>=6'}
    dev: false

  /cmdk@1.0.0:
    resolution: {integrity: sha512-v4yDk6E7r6gAFMJCv+xL5W5wT3+T7f2zW+pW21yq/mSBrD+LwQvC7u+sJ2aL+bYy5eS0Yp29m8GqWw==}
    peerDependencies:
      react: ^18.0.0
      react-dom: ^18.0.0
    dev: false

  /csstype@3.1.3:
    resolution: {integrity: sha512-M1uQkMl8rQK/5bVmaWHgFzhHAn/nrbqCBNevH5SD2z+zhcyo8CeU8MUAi6jWwkcsWUGXXYBIrcr1q2uOU5kycg==}
    dev: true

  /date-fns@2.30.0:
